
Microsoft Visual Studio Solution File, Format Version 12.00
# Visual Studio Version 16
VisualStudioVersion = 16.0.31410.357
MinimumVisualStudioVersion = 10.0.40219.1
Project("{FAE04EC0-301F-11D3-BF4B-00C04F79EFBC}") = "LINQExercises", "LINQExercises.csproj", "{F2EE6917-7E24-4ECF-A653-B1AFCFC828D2}"
EndProject
Global
	GlobalSection(SolutionConfigurationPlatforms) = preSolution
		Debug|Any CPU = Debug|Any CPU
		Release|Any CPU = Release|Any CPU
	EndGlobalSection
	GlobalSection(ProjectConfigurationPlatforms) = postSolution
		{F2EE6917-7E24-4ECF-A653-B1AFCFC828D2}.Debug|Any CPU.ActiveCfg = Debug|Any CPU
		{F2EE6917-7E24-4ECF-A653-B1AFCFC828D2}.Debug|Any CPU.Build.0 = Debug|Any CPU
		{F2EE6917-7E24-4ECF-A653-B1AFCFC828D2}.Release|Any CPU.ActiveCfg = Release|Any CPU
		{F2EE6917-7E24-4ECF-A653-B1AFCFC828D2}.Release|Any CPU.Build.0 = Release|Any CPU
	EndGlobalSection
	GlobalSection(SolutionProperties) = preSolution
		HideSolutionNode = FALSE
	EndGlobalSection
	GlobalSection(ExtensibilityGlobals) = postSolution
		SolutionGuid = {DADC66D0-1461-4CF4-A8EA-DBE01473AA19}
	EndGlobalSection
EndGlobal
